
Microsoft Visual Studio Solution File, Format Version 12.00
# Visual Studio Version 16
VisualStudioVersion = 16.0.32802.440
MinimumVisualStudioVersion = 10.0.40219.1
Project("{FAE04EC0-301F-11D3-BF4B-00C04F79EFBC}") = "SifreliVeriler", "SifreliVeriler\SifreliVeriler.csproj", "{D121AE7F-4AB6-45E7-9A5A-F82C0A03306B}"
EndProject
Global
	GlobalSection(SolutionConfigurationPlatforms) = preSolution
		Debug|Any CPU = Debug|Any CPU
		Release|Any CPU = Release|Any CPU
	EndGlobalSection
	GlobalSection(ProjectConfigurationPlatforms) = postSolution
		{D121AE7F-4AB6-45E7-9A5A-F82C0A03306B}.Debug|Any CPU.ActiveCfg = Debug|Any CPU
		{D121AE7F-4AB6-45E7-9A5A-F82C0A03306B}.Debug|Any CPU.Build.0 = Debug|Any CPU
		{D121AE7F-4AB6-45E7-9A5A-F82C0A03306B}.Release|Any CPU.ActiveCfg = Release|Any CPU
		{D121AE7F-4AB6-45E7-9A5A-F82C0A03306B}.Release|Any CPU.Build.0 = Release|Any CPU
	EndGlobalSection
	GlobalSection(SolutionProperties) = preSolution
		HideSolutionNode = FALSE
	EndGlobalSection
	GlobalSection(ExtensibilityGlobals) = postSolution
		SolutionGuid = {EEEDAA83-7031-446A-8EDF-9C4C97E3995F}
	EndGlobalSection
EndGlobal
